
Microsoft Visual Studio Solution File, Format Version 12.00
# Visual Studio Version 16
VisualStudioVersion = 16.0.29230.47
MinimumVisualStudioVersion = 10.0.40219.1
Project("{FAE04EC0-301F-11D3-BF4B-00C04F79EFBC}") = "3", "3\3.csproj", "{6179C6FE-287E-44EC-A51D-579D47126ADB}"
EndProject
Global
	GlobalSection(SolutionConfigurationPlatforms) = preSolution
		Debug|Any CPU = Debug|Any CPU
		Release|Any CPU = Release|Any CPU
	EndGlobalSection
	GlobalSection(ProjectConfigurationPlatforms) = postSolution
		{6179C6FE-287E-44EC-A51D-579D47126ADB}.Debug|Any CPU.ActiveCfg = Debug|Any CPU
		{6179C6FE-287E-44EC-A51D-579D47126ADB}.Debug|Any CPU.Build.0 = Debug|Any CPU
		{6179C6FE-287E-44EC-A51D-579D47126ADB}.Release|Any CPU.ActiveCfg = Release|Any CPU
		{6179C6FE-287E-44EC-A51D-579D47126ADB}.Release|Any CPU.Build.0 = Release|Any CPU
	EndGlobalSection
	GlobalSection(SolutionProperties) = preSolution
		HideSolutionNode = FALSE
	EndGlobalSection
	GlobalSection(ExtensibilityGlobals) = postSolution
		SolutionGuid = {A5CC7A7D-5CF6-4E7F-A372-196470FE4DC9}
	EndGlobalSection
EndGlobal
